// !$*UTF8*$!
{
	archiveVersion = 1;
	classes = {
	};
	objectVersion = 55;
	objects = {

/* Begin PBXBuildFile section */
		FF2C30172817E1280059F2C3 /* PersonVC.swift in Sources */ = {isa = PBXBuildFile; fileRef = FF2C30162817E1280059F2C3 /* PersonVC.swift */; };
		FF2C30192817FCB20059F2C3 /* Planet.swift in Sources */ = {isa = PBXBuildFile; fileRef = FF2C30182817FCB20059F2C3 /* Planet.swift */; };
		FF2C301B281809660059F2C3 /* Film.swift in Sources */ = {isa = PBXBuildFile; fileRef = FF2C301A281809660059F2C3 /* Film.swift */; };
		FF2C301D281810C90059F2C3 /* Speccy.swift in Sources */ = {isa = PBXBuildFile; fileRef = FF2C301C281810C90059F2C3 /* Speccy.swift */; };
		FF2C301F28181E330059F2C3 /* Vehicle.swift in Sources */ = {isa = PBXBuildFile; fileRef = FF2C301E28181E330059F2C3 /* Vehicle.swift */; };
		FF2C3021281824250059F2C3 /* Starship.swift in Sources */ = {isa = PBXBuildFile; fileRef = FF2C3020281824250059F2C3 /* Starship.swift */; };
		FF2C30232819348E0059F2C3 /* PlanetVC.swift in Sources */ = {isa = PBXBuildFile; fileRef = FF2C30222819348D0059F2C3 /* PlanetVC.swift */; };
		FF2C3026281942990059F2C3 /* PresentDetail.swift in Sources */ = {isa = PBXBuildFile; fileRef = FF2C3025281942990059F2C3 /* PresentDetail.swift */; };
		FF2C3028281988300059F2C3 /* FilmVC.swift in Sources */ = {isa = PBXBuildFile; fileRef = FF2C30272819882F0059F2C3 /* FilmVC.swift */; };
		FF2C302A281994C40059F2C3 /* CrawlVC.swift in Sources */ = {isa = PBXBuildFile; fileRef = FF2C3029281994C40059F2C3 /* CrawlVC.swift */; };
		FF2C302C281999CA0059F2C3 /* SpeccyVC.swift in Sources */ = {isa = PBXBuildFile; fileRef = FF2C302B281999CA0059F2C3 /* SpeccyVC.swift */; };
		FF2C302E281A9C430059F2C3 /* StarshipVC.swift in Sources */ = {isa = PBXBuildFile; fileRef = FF2C302D281A9C430059F2C3 /* StarshipVC.swift */; };
		FF2C3030281AA6940059F2C3 /* VehicleVC.swift in Sources */ = {isa = PBXBuildFile; fileRef = FF2C302F281AA6940059F2C3 /* VehicleVC.swift */; };
		FF2C308228228EA90059F2C3 /* DataService.swift in Sources */ = {isa = PBXBuildFile; fileRef = FF2C308128228EA90059F2C3 /* DataService.swift */; };
		FF2FD3EC2816D57B00CD5E2D /* AppDelegate.swift in Sources */ = {isa = PBXBuildFile; fileRef = FF2FD3EB2816D57B00CD5E2D /* AppDelegate.swift */; };
		FF2FD3EE2816D57B00CD5E2D /* SceneDelegate.swift in Sources */ = {isa = PBXBuildFile; fileRef = FF2FD3ED2816D57B00CD5E2D /* SceneDelegate.swift */; };
		FF2FD3F32816D57B00CD5E2D /* Main.storyboard in Resources */ = {isa = PBXBuildFile; fileRef = FF2FD3F12816D57B00CD5E2D /* Main.storyboard */; };
		FF2FD3F52816D58300CD5E2D /* Assets.xcassets in Resources */ = {isa = PBXBuildFile; fileRef = FF2FD3F42816D58300CD5E2D /* Assets.xcassets */; };
		FF2FD3F82816D58300CD5E2D /* LaunchScreen.storyboard in Resources */ = {isa = PBXBuildFile; fileRef = FF2FD3F62816D58300CD5E2D /* LaunchScreen.storyboard */; };
		FF99F9632816E1A900520ADF /* MainVC.swift in Sources */ = {isa = PBXBuildFile; fileRef = FF99F9622816E1A800520ADF /* MainVC.swift */; };
		FF99F9652816E38000520ADF /* PersonCell.swift in Sources */ = {isa = PBXBuildFile; fileRef = FF99F9642816E37F00520ADF /* PersonCell.swift */; };
		FF99F9672816E46700520ADF /* NetworkService.swift in Sources */ = {isa = PBXBuildFile; fileRef = FF99F9662816E46700520ADF /* NetworkService.swift */; };
		FF99F9692816E66000520ADF /* Person.swift in Sources */ = {isa = PBXBuildFile; fileRef = FF99F9682816E66000520ADF /* Person.swift */; };
		FF99F96B2816ECF400520ADF /* APIError.swift in Sources */ = {isa = PBXBuildFile; fileRef = FF99F96A2816ECF400520ADF /* APIError.swift */; };
		FF99F96D2816EEDC00520ADF /* People.swift in Sources */ = {isa = PBXBuildFile; fileRef = FF99F96C2816EEDC00520ADF /* People.swift */; };
/* End PBXBuildFile section */

/* Begin PBXFileReference section */
		FF2C30162817E1280059F2C3 /* PersonVC.swift */ = {isa = PBXFileReference; lastKnownFileType = sourcecode.swift; path = PersonVC.swift; sourceTree = "<group>"; };
		FF2C30182817FCB20059F2C3 /* Planet.swift */ = {isa = PBXFileReference; lastKnownFileType = sourcecode.swift; path = Planet.swift; sourceTree = "<group>"; };
		FF2C301A281809660059F2C3 /* Film.swift */ = {isa = PBXFileReference; lastKnownFileType = sourcecode.swift; path = Film.swift; sourceTree = "<group>"; };
		FF2C301C281810C90059F2C3 /* Speccy.swift */ = {isa = PBXFileReference; lastKnownFileType = sourcecode.swift; path = Speccy.swift; sourceTree = "<group>"; };
		FF2C301E28181E330059F2C3 /* Vehicle.swift */ = {isa = PBXFileReference; lastKnownFileType = sourcecode.swift; path = Vehicle.swift; sourceTree = "<group>"; };
		FF2C3020281824250059F2C3 /* Starship.swift */ = {isa = PBXFileReference; lastKnownFileType = sourcecode.swift; path = Starship.swift; sourceTree = "<group>"; };
		FF2C30222819348D0059F2C3 /* PlanetVC.swift */ = {isa = PBXFileReference; lastKnownFileType = sourcecode.swift; path = PlanetVC.swift; sourceTree = "<group>"; };
		FF2C3025281942990059F2C3 /* PresentDetail.swift */ = {isa = PBXFileReference; lastKnownFileType = sourcecode.swift; path = PresentDetail.swift; sourceTree = "<group>"; };
		FF2C30272819882F0059F2C3 /* FilmVC.swift */ = {isa = PBXFileReference; lastKnownFileType = sourcecode.swift; path = FilmVC.swift; sourceTree = "<group>"; };
		FF2C3029281994C40059F2C3 /* CrawlVC.swift */ = {isa = PBXFileReference; lastKnownFileType = sourcecode.swift; path = CrawlVC.swift; sourceTree = "<group>"; };
		FF2C302B281999CA0059F2C3 /* SpeccyVC.swift */ = {isa = PBXFileReference; lastKnownFileType = sourcecode.swift; path = SpeccyVC.swift; sourceTree = "<group>"; };
		FF2C302D281A9C430059F2C3 /* StarshipVC.swift */ = {isa = PBXFileReference; lastKnownFileType = sourcecode.swift; path = StarshipVC.swift; sourceTree = "<group>"; };
		FF2C302F281AA6940059F2C3 /* VehicleVC.swift */ = {isa = PBXFileReference; lastKnownFileType = sourcecode.swift; path = VehicleVC.swift; sourceTree = "<group>"; };
		FF2C308128228EA90059F2C3 /* DataService.swift */ = {isa = PBXFileReference; lastKnownFileType = sourcecode.swift; path = DataService.swift; sourceTree = "<group>"; };
		FF2FD3E82816D57B00CD5E2D /* StarWars.app */ = {isa = PBXFileReference; explicitFileType = wrapper.application; includeInIndex = 0; path = StarWars.app; sourceTree = BUILT_PRODUCTS_DIR; };
		FF2FD3EB2816D57B00CD5E2D /* AppDelegate.swift */ = {isa = PBXFileReference; lastKnownFileType = sourcecode.swift; path = AppDelegate.swift; sourceTree = "<group>"; };
		FF2FD3ED2816D57B00CD5E2D /* SceneDelegate.swift */ = {isa = PBXFileReference; lastKnownFileType = sourcecode.swift; path = SceneDelegate.swift; sourceTree = "<group>"; };
		FF2FD3F22816D57B00CD5E2D /* Base */ = {isa = PBXFileReference; lastKnownFileType = file.storyboard; name = Base; path = Base.lproj/Main.storyboard; sourceTree = "<group>"; };
		FF2FD3F42816D58300CD5E2D /* Assets.xcassets */ = {isa = PBXFileReference; lastKnownFileType = folder.assetcatalog; path = Assets.xcassets; sourceTree = "<group>"; };
		FF2FD3F72816D58300CD5E2D /* Base */ = {isa = PBXFileReference; lastKnownFileType = file.storyboard; name = Base; path = Base.lproj/LaunchScreen.storyboard; sourceTree = "<group>"; };
		FF2FD3F92816D58300CD5E2D /* Info.plist */ = {isa = PBXFileReference; lastKnownFileType = text.plist.xml; path = Info.plist; sourceTree = "<group>"; };
		FF99F9622816E1A800520ADF /* MainVC.swift */ = {isa = PBXFileReference; lastKnownFileType = sourcecode.swift; path = MainVC.swift; sourceTree = "<group>"; };
		FF99F9642816E37F00520ADF /* PersonCell.swift */ = {isa = PBXFileReference; lastKnownFileType = sourcecode.swift; path = PersonCell.swift; sourceTree = "<group>"; };
		FF99F9662816E46700520ADF /* NetworkService.swift */ = {isa = PBXFileReference; lastKnownFileType = sourcecode.swift; path = NetworkService.swift; sourceTree = "<group>"; };
		FF99F9682816E66000520ADF /* Person.swift */ = {isa = PBXFileReference; lastKnownFileType = sourcecode.swift; path = Person.swift; sourceTree = "<group>"; };
		FF99F96A2816ECF400520ADF /* APIError.swift */ = {isa = PBXFileReference; lastKnownFileType = sourcecode.swift; path = APIError.swift; sourceTree = "<group>"; };
		FF99F96C2816EEDC00520ADF /* People.swift */ = {isa = PBXFileReference; lastKnownFileType = sourcecode.swift; path = People.swift; sourceTree = "<group>"; };
/* End PBXFileReference section */

/* Begin PBXFrameworksBuildPhase section */
		FF2FD3E52816D57B00CD5E2D /* Frameworks */ = {
			isa = PBXFrameworksBuildPhase;
			buildActionMask = 2147483647;
			files = (
			);
			runOnlyForDeploymentPostprocessing = 0;
		};
/* End PBXFrameworksBuildPhase section */

/* Begin PBXGroup section */
		FF2C3024281942750059F2C3 /* Extention */ = {
			isa = PBXGroup;
			children = (
				FF2C3025281942990059F2C3 /* PresentDetail.swift */,
			);
			path = Extention;
			sourceTree = "<group>";
		};
		FF2FD3DF2816D57A00CD5E2D = {
			isa = PBXGroup;
			children = (
				FF2FD3EA2816D57B00CD5E2D /* StarWars */,
				FF2FD3E92816D57B00CD5E2D /* Products */,
			);
			sourceTree = "<group>";
		};
		FF2FD3E92816D57B00CD5E2D /* Products */ = {
			isa = PBXGroup;
			children = (
				FF2FD3E82816D57B00CD5E2D /* StarWars.app */,
			);
			name = Products;
			sourceTree = "<group>";
		};
		FF2FD3EA2816D57B00CD5E2D /* StarWars */ = {
			isa = PBXGroup;
			children = (
				FF2C3024281942750059F2C3 /* Extention */,
				FF2FD4022816D5CE00CD5E2D /* Model */,
				FF2FD4012816D5C300CD5E2D /* Controllers */,
				FF2FD4002816D5B500CD5E2D /* View */,
				FF2FD3FF2816D59F00CD5E2D /* Services */,
				FF2FD3EB2816D57B00CD5E2D /* AppDelegate.swift */,
				FF2FD3ED2816D57B00CD5E2D /* SceneDelegate.swift */,
				FF2FD3F12816D57B00CD5E2D /* Main.storyboard */,
				FF2FD3F42816D58300CD5E2D /* Assets.xcassets */,
				FF2FD3F62816D58300CD5E2D /* LaunchScreen.storyboard */,
				FF2FD3F92816D58300CD5E2D /* Info.plist */,
			);
			path = StarWars;
			sourceTree = "<group>";
		};
		FF2FD3FF2816D59F00CD5E2D /* Services */ = {
			isa = PBXGroup;
			children = (
				FF99F9662816E46700520ADF /* NetworkService.swift */,
				FF2C308128228EA90059F2C3 /* DataService.swift */,
			);
			path = Services;
			sourceTree = "<group>";
		};
		FF2FD4002816D5B500CD5E2D /* View */ = {
			isa = PBXGroup;
			children = (
				FF99F9642816E37F00520ADF /* PersonCell.swift */,
			);
			path = View;
			sourceTree = "<group>";
		};
		FF2FD4012816D5C300CD5E2D /* Controllers */ = {
			isa = PBXGroup;
			children = (
				FF99F9622816E1A800520ADF /* MainVC.swift */,
				FF2C30162817E1280059F2C3 /* PersonVC.swift */,
				FF2C30222819348D0059F2C3 /* PlanetVC.swift */,
				FF2C30272819882F0059F2C3 /* FilmVC.swift */,
				FF2C3029281994C40059F2C3 /* CrawlVC.swift */,
				FF2C302B281999CA0059F2C3 /* SpeccyVC.swift */,
				FF2C302D281A9C430059F2C3 /* StarshipVC.swift */,
				FF2C302F281AA6940059F2C3 /* VehicleVC.swift */,
			);
			path = Controllers;
			sourceTree = "<group>";
		};
		FF2FD4022816D5CE00CD5E2D /* Model */ = {
			isa = PBXGroup;
			children = (
				FF99F9682816E66000520ADF /* Person.swift */,
				FF99F96A2816ECF400520ADF /* APIError.swift */,
				FF99F96C2816EEDC00520ADF /* People.swift */,
				FF2C30182817FCB20059F2C3 /* Planet.swift */,
				FF2C301A281809660059F2C3 /* Film.swift */,
				FF2C301C281810C90059F2C3 /* Speccy.swift */,
				FF2C301E28181E330059F2C3 /* Vehicle.swift */,
				FF2C3020281824250059F2C3 /* Starship.swift */,
			);
			path = Model;
			sourceTree = "<group>";
		};
/* End PBXGroup section */

/* Begin PBXNativeTarget section */
		FF2FD3E72816D57B00CD5E2D /* StarWars */ = {
			isa = PBXNativeTarget;
			buildConfigurationList = FF2FD3FC2816D58300CD5E2D /* Build configuration list for PBXNativeTarget "StarWars" */;
			buildPhases = (
				FF2FD3E42816D57B00CD5E2D /* Sources */,
				FF2FD3E52816D57B00CD5E2D /* Frameworks */,
				FF2FD3E62816D57B00CD5E2D /* Resources */,
			);
			buildRules = (
			);
			dependencies = (
			);
			name = StarWars;
			productName = StarWars;
			productReference = FF2FD3E82816D57B00CD5E2D /* StarWars.app */;
			productType = "com.apple.product-type.application";
		};
/* End PBXNativeTarget section */

/* Begin PBXProject section */
		FF2FD3E02816D57A00CD5E2D /* Project object */ = {
			isa = PBXProject;
			attributes = {
				BuildIndependentTargetsInParallel = 1;
				LastSwiftUpdateCheck = 1330;
				LastUpgradeCheck = 1330;
				TargetAttributes = {
					FF2FD3E72816D57B00CD5E2D = {
						CreatedOnToolsVersion = 13.3.1;
					};
				};
			};
			buildConfigurationList = FF2FD3E32816D57A00CD5E2D /* Build configuration list for PBXProject "StarWars" */;
			compatibilityVersion = "Xcode 13.0";
			developmentRegion = en;
			hasScannedForEncodings = 0;
			knownRegions = (
				en,
				Base,
			);
			mainGroup = FF2FD3DF2816D57A00CD5E2D;
			productRefGroup = FF2FD3E92816D57B00CD5E2D /* Products */;
			projectDirPath = "";
			projectRoot = "";
			targets = (
				FF2FD3E72816D57B00CD5E2D /* StarWars */,
			);
		};
/* End PBXProject section */

/* Begin PBXResourcesBuildPhase section */
		FF2FD3E62816D57B00CD5E2D /* Resources */ = {
			isa = PBXResourcesBuildPhase;
			buildActionMask = 2147483647;
			files = (
				FF2FD3F82816D58300CD5E2D /* LaunchScreen.storyboard in Resources */,
				FF2FD3F52816D58300CD5E2D /* Assets.xcassets in Resources */,
				FF2FD3F32816D57B00CD5E2D /* Main.storyboard in Resources */,
			);
			runOnlyForDeploymentPostprocessing = 0;
		};
/* End PBXResourcesBuildPhase section */

/* Begin PBXSourcesBuildPhase section */
		FF2FD3E42816D57B00CD5E2D /* Sources */ = {
			isa = PBXSourcesBuildPhase;
			buildActionMask = 2147483647;
			files = (
				FF2C301F28181E330059F2C3 /* Vehicle.swift in Sources */,
				FF2C3021281824250059F2C3 /* Starship.swift in Sources */,
				FF2C3026281942990059F2C3 /* PresentDetail.swift in Sources */,
				FF99F9692816E66000520ADF /* Person.swift in Sources */,
				FF99F9672816E46700520ADF /* NetworkService.swift in Sources */,
				FF2C308228228EA90059F2C3 /* DataService.swift in Sources */,
				FF2C301D281810C90059F2C3 /* Speccy.swift in Sources */,
				FF2FD3EC2816D57B00CD5E2D /* AppDelegate.swift in Sources */,
				FF99F9632816E1A900520ADF /* MainVC.swift in Sources */,
				FF2C30232819348E0059F2C3 /* PlanetVC.swift in Sources */,
				FF99F96D2816EEDC00520ADF /* People.swift in Sources */,
				FF2C302A281994C40059F2C3 /* CrawlVC.swift in Sources */,
				FF2C3028281988300059F2C3 /* FilmVC.swift in Sources */,
				FF2FD3EE2816D57B00CD5E2D /* SceneDelegate.swift in Sources */,
				FF2C301B281809660059F2C3 /* Film.swift in Sources */,
				FF2C302E281A9C430059F2C3 /* StarshipVC.swift in Sources */,
				FF2C3030281AA6940059F2C3 /* VehicleVC.swift in Sources */,
				FF99F9652816E38000520ADF /* PersonCell.swift in Sources */,
				FF99F96B2816ECF400520ADF /* APIError.swift in Sources */,
				FF2C30172817E1280059F2C3 /* PersonVC.swift in Sources */,
				FF2C302C281999CA0059F2C3 /* SpeccyVC.swift in Sources */,
				FF2C30192817FCB20059F2C3 /* Planet.swift in Sources */,
			);
			runOnlyForDeploymentPostprocessing = 0;
		};
/* End PBXSourcesBuildPhase section */

/* Begin PBXVariantGroup section */
		FF2FD3F12816D57B00CD5E2D /* Main.storyboard */ = {
			isa = PBXVariantGroup;
			children = (
				FF2FD3F22816D57B00CD5E2D /* Base */,
			);
			name = Main.storyboard;
			sourceTree = "<group>";
		};
		FF2FD3F62816D58300CD5E2D /* LaunchScreen.storyboard */ = {
			isa = PBXVariantGroup;
			children = (
				FF2FD3F72816D58300CD5E2D /* Base */,
			);
			name = LaunchScreen.storyboard;
			sourceTree = "<group>";
		};
/* End PBXVariantGroup section */

/* Begin XCBuildConfiguration section */
		FF2FD3FA2816D58300CD5E2D /* Debug */ = {
			isa = XCBuildConfiguration;
			buildSettings = {
				ALWAYS_SEARCH_USER_PATHS = NO;
				CLANG_ANALYZER_NONNULL = YES;
				CLANG_ANALYZER_NUMBER_OBJECT_CONVERSION = YES_AGGRESSIVE;
				CLANG_CXX_LANGUAGE_STANDARD = "gnu++17";
				CLANG_ENABLE_MODULES = YES;
				CLANG_ENABLE_OBJC_ARC = YES;
				CLANG_ENABLE_OBJC_WEAK = YES;
				CLANG_WARN_BLOCK_CAPTURE_AUTORELEASING = YES;
				CLANG_WARN_BOOL_CONVERSION = YES;
				CLANG_WARN_COMMA = YES;
				CLANG_WARN_CONSTANT_CONVERSION = YES;
				CLANG_WARN_DEPRECATED_OBJC_IMPLEMENTATIONS = YES;
				CLANG_WARN_DIRECT_OBJC_ISA_USAGE = YES_ERROR;
				CLANG_WARN_DOCUMENTATION_COMMENTS = YES;
				CLANG_WARN_EMPTY_BODY = YES;
				CLANG_WARN_ENUM_CONVERSION = YES;
				CLANG_WARN_INFINITE_RECURSION = YES;
				CLANG_WARN_INT_CONVERSION = YES;
				CLANG_WARN_NON_LITERAL_NULL_CONVERSION = YES;
				CLANG_WARN_OBJC_IMPLICIT_RETAIN_SELF = YES;
				CLANG_WARN_OBJC_LITERAL_CONVERSION = YES;
				CLANG_WARN_OBJC_ROOT_CLASS = YES_ERROR;
				CLANG_WARN_QUOTED_INCLUDE_IN_FRAMEWORK_HEADER = YES;
				CLANG_WARN_RANGE_LOOP_ANALYSIS = YES;
				CLANG_WARN_STRICT_PROTOTYPES = YES;
				CLANG_WARN_SUSPICIOUS_MOVE = YES;
				CLANG_WARN_UNGUARDED_AVAILABILITY = YES_AGGRESSIVE;
				CLANG_WARN_UNREACHABLE_CODE = YES;
				CLANG_WARN__DUPLICATE_METHOD_MATCH = YES;
				COPY_PHASE_STRIP = NO;
				DEBUG_INFORMATION_FORMAT = dwarf;
				ENABLE_STRICT_OBJC_MSGSEND = YES;
				ENABLE_TESTABILITY = YES;
				GCC_C_LANGUAGE_STANDARD = gnu11;
				GCC_DYNAMIC_NO_PIC = NO;
				GCC_NO_COMMON_BLOCKS = YES;
				GCC_OPTIMIZATION_LEVEL = 0;
				GCC_PREPROCESSOR_DEFINITIONS = (
					"DEBUG=1",
					"$(inherited)",
				);
				GCC_WARN_64_TO_32_BIT_CONVERSION = YES;
				GCC_WARN_ABOUT_RETURN_TYPE = YES_ERROR;
				GCC_WARN_UNDECLARED_SELECTOR = YES;
				GCC_WARN_UNINITIALIZED_AUTOS = YES_AGGRESSIVE;
				GCC_WARN_UNUSED_FUNCTION = YES;
				GCC_WARN_UNUSED_VARIABLE = YES;
				IPHONEOS_DEPLOYMENT_TARGET = 15.4;
				MTL_ENABLE_DEBUG_INFO = INCLUDE_SOURCE;
				MTL_FAST_MATH = YES;
				ONLY_ACTIVE_ARCH = YES;
				SDKROOT = iphoneos;
				SWIFT_ACTIVE_COMPILATION_CONDITIONS = DEBUG;
				SWIFT_OPTIMIZATION_LEVEL = "-Onone";
			};
			name = Debug;
		};
		FF2FD3FB2816D58300CD5E2D /* Release */ = {
			isa = XCBuildConfiguration;
			buildSettings = {
				ALWAYS_SEARCH_USER_PATHS = NO;
				CLANG_ANALYZER_NONNULL = YES;
				CLANG_ANALYZER_NUMBER_OBJECT_CONVERSION = YES_AGGRESSIVE;
				CLANG_CXX_LANGUAGE_STANDARD = "gnu++17";
				CLANG_ENABLE_MODULES = YES;
				CLANG_ENABLE_OBJC_ARC = YES;
				CLANG_ENABLE_OBJC_WEAK = YES;
				CLANG_WARN_BLOCK_CAPTURE_AUTORELEASING = YES;
				CLANG_WARN_BOOL_CONVERSION = YES;
				CLANG_WARN_COMMA = YES;
				CLANG_WARN_CONSTANT_CONVERSION = YES;
				CLANG_WARN_DEPRECATED_OBJC_IMPLEMENTATIONS = YES;
				CLANG_WARN_DIRECT_OBJC_ISA_USAGE = YES_ERROR;
				CLANG_WARN_DOCUMENTATION_COMMENTS = YES;
				CLANG_WARN_EMPTY_BODY = YES;
				CLANG_WARN_ENUM_CONVERSION = YES;
				CLANG_WARN_INFINITE_RECURSION = YES;
				CLANG_WARN_INT_CONVERSION = YES;
				CLANG_WARN_NON_LITERAL_NULL_CONVERSION = YES;
				CLANG_WARN_OBJC_IMPLICIT_RETAIN_SELF = YES;
				CLANG_WARN_OBJC_LITERAL_CONVERSION = YES;
				CLANG_WARN_OBJC_ROOT_CLASS = YES_ERROR;
				CLANG_WARN_QUOTED_INCLUDE_IN_FRAMEWORK_HEADER = YES;
				CLANG_WARN_RANGE_LOOP_ANALYSIS = YES;
				CLANG_WARN_STRICT_PROTOTYPES = YES;
				CLANG_WARN_SUSPICIOUS_MOVE = YES;
				CLANG_WARN_UNGUARDED_AVAILABILITY = YES_AGGRESSIVE;
				CLANG_WARN_UNREACHABLE_CODE = YES;
				CLANG_WARN__DUPLICATE_METHOD_MATCH = YES;
				COPY_PHASE_STRIP = NO;
				DEBUG_INFORMATION_FORMAT = "dwarf-with-dsym";
				ENABLE_NS_ASSERTIONS = NO;
				ENABLE_STRICT_OBJC_MSGSEND = YES;
				GCC_C_LANGUAGE_STANDARD = gnu11;
				GCC_NO_COMMON_BLOCKS = YES;
				GCC_WARN_64_TO_32_BIT_CONVERSION = YES;
				GCC_WARN_ABOUT_RETURN_TYPE = YES_ERROR;
				GCC_WARN_UNDECLARED_SELECTOR = YES;
				GCC_WARN_UNINITIALIZED_AUTOS = YES_AGGRESSIVE;
				GCC_WARN_UNUSED_FUNCTION = YES;
				GCC_WARN_UNUSED_VARIABLE = YES;
				IPHONEOS_DEPLOYMENT_TARGET = 15.4;
				MTL_ENABLE_DEBUG_INFO = NO;
				MTL_FAST_MATH = YES;
				SDKROOT = iphoneos;
				SWIFT_COMPILATION_MODE = wholemodule;
				SWIFT_OPTIMIZATION_LEVEL = "-O";
				VALIDATE_PRODUCT = YES;
			};
			name = Release;
		};
		FF2FD3FD2816D58300CD5E2D /* Debug */ = {
			isa = XCBuildConfiguration;
			buildSettings = {
				ASSETCATALOG_COMPILER_APPICON_NAME = AppIcon;
				ASSETCATALOG_COMPILER_GLOBAL_ACCENT_COLOR_NAME = AccentColor;
				CODE_SIGN_STYLE = Automatic;
				CURRENT_PROJECT_VERSION = 1;
				DEVELOPMENT_TEAM = AF68Y4A9MG;
				GENERATE_INFOPLIST_FILE = YES;
				INFOPLIST_FILE = StarWars/Info.plist;
				INFOPLIST_KEY_UIApplicationSupportsIndirectInputEvents = YES;
				INFOPLIST_KEY_UILaunchStoryboardName = LaunchScreen;
				INFOPLIST_KEY_UIMainStoryboardFile = Main;
				INFOPLIST_KEY_UISupportedInterfaceOrientations_iPad = "UIInterfaceOrientationPortrait UIInterfaceOrientationPortraitUpsideDown UIInterfaceOrientationLandscapeLeft UIInterfaceOrientationLandscapeRight";
				INFOPLIST_KEY_UISupportedInterfaceOrientations_iPhone = "UIInterfaceOrientationPortrait UIInterfaceOrientationLandscapeLeft UIInterfaceOrientationLandscapeRight";
				LD_RUNPATH_SEARCH_PATHS = (
					"$(inherited)",
					"@executable_path/Frameworks",
				);
				MARKETING_VERSION = 1.0;
				PRODUCT_BUNDLE_IDENTIFIER = "-.StarWars1";
				PRODUCT_NAME = "$(TARGET_NAME)";
				SWIFT_EMIT_LOC_STRINGS = YES;
				SWIFT_VERSION = 5.0;
				TARGETED_DEVICE_FAMILY = "1,2";
			};
			name = Debug;
		};
		FF2FD3FE2816D58300CD5E2D /* Release */ = {
			isa = XCBuildConfiguration;
			buildSettings = {
				ASSETCATALOG_COMPILER_APPICON_NAME = AppIcon;
				ASSETCATALOG_COMPILER_GLOBAL_ACCENT_COLOR_NAME = AccentColor;
				CODE_SIGN_STYLE = Automatic;
				CURRENT_PROJECT_VERSION = 1;
				DEVELOPMENT_TEAM = AF68Y4A9MG;
				GENERATE_INFOPLIST_FILE = YES;
				INFOPLIST_FILE = StarWars/Info.plist;
				INFOPLIST_KEY_UIApplicationSupportsIndirectInputEvents = YES;
				INFOPLIST_KEY_UILaunchStoryboardName = LaunchScreen;
				INFOPLIST_KEY_UIMainStoryboardFile = Main;
				INFOPLIST_KEY_UISupportedInterfaceOrientations_iPad = "UIInterfaceOrientationPortrait UIInterfaceOrientationPortraitUpsideDown UIInterfaceOrientationLandscapeLeft UIInterfaceOrientationLandscapeRight";
				INFOPLIST_KEY_UISupportedInterfaceOrientations_iPhone = "UIInterfaceOrientationPortrait UIInterfaceOrientationLandscapeLeft UIInterfaceOrientationLandscapeRight";
				LD_RUNPATH_SEARCH_PATHS = (
					"$(inherited)",
					"@executable_path/Frameworks",
				);
				MARKETING_VERSION = 1.0;
				PRODUCT_BUNDLE_IDENTIFIER = "-.StarWars1";
				PRODUCT_NAME = "$(TARGET_NAME)";
				SWIFT_EMIT_LOC_STRINGS = YES;
				SWIFT_VERSION = 5.0;
				TARGETED_DEVICE_FAMILY = "1,2";
			};
			name = Release;
		};
/* End XCBuildConfiguration section */

/* Begin XCConfigurationList section */
		FF2FD3E32816D57A00CD5E2D /* Build configuration list for PBXProject "StarWars" */ = {
			isa = XCConfigurationList;
			buildConfigurations = (
				FF2FD3FA2816D58300CD5E2D /* Debug */,
				FF2FD3FB2816D58300CD5E2D /* Release */,
			);
			defaultConfigurationIsVisible = 0;
			defaultConfigurationName = Release;
		};
		FF2FD3FC2816D58300CD5E2D /* Build configuration list for PBXNativeTarget "StarWars" */ = {
			isa = XCConfigurationList;
			buildConfigurations = (
				FF2FD3FD2816D58300CD5E2D /* Debug */,
				FF2FD3FE2816D58300CD5E2D /* Release */,
			);
			defaultConfigurationIsVisible = 0;
			defaultConfigurationName = Release;
		};
/* End XCConfigurationList section */
	};
	rootObject = FF2FD3E02816D57A00CD5E2D /* Project object */;
}
